
Microsoft Visual Studio Solution File, Format Version 12.00
# Visual Studio Version 17
VisualStudioVersion = 17.13.35931.197 d17.13
MinimumVisualStudioVersion = 10.0.40219.1
Project("{FAE04EC0-301F-11D3-BF4B-00C04F79EFBC}") = "TheBugTracker", "TheBugTracker\TheBugTracker\TheBugTracker\TheBugTracker.csproj", "{8052BACA-A0E8-4999-A774-7826C7693E5F}"
EndProject
Project("{FAE04EC0-301F-11D3-BF4B-00C04F79EFBC}") = "TheBugTracker.Client", "TheBugTracker\TheBugTracker\TheBugTracker.Client\TheBugTracker.Client.csproj", "{7355C749-30A4-4E8F-BB2C-05894449DCC7}"
EndProject
Global
	GlobalSection(SolutionConfigurationPlatforms) = preSolution
		Debug|Any CPU = Debug|Any CPU
		Release|Any CPU = Release|Any CPU
	EndGlobalSection
	GlobalSection(ProjectConfigurationPlatforms) = postSolution
		{8052BACA-A0E8-4999-A774-7826C7693E5F}.Debug|Any CPU.ActiveCfg = Debug|Any CPU
		{8052BACA-A0E8-4999-A774-7826C7693E5F}.Debug|Any CPU.Build.0 = Debug|Any CPU
		{8052BACA-A0E8-4999-A774-7826C7693E5F}.Release|Any CPU.ActiveCfg = Release|Any CPU
		{8052BACA-A0E8-4999-A774-7826C7693E5F}.Release|Any CPU.Build.0 = Release|Any CPU
		{7355C749-30A4-4E8F-BB2C-05894449DCC7}.Debug|Any CPU.ActiveCfg = Debug|Any CPU
		{7355C749-30A4-4E8F-BB2C-05894449DCC7}.Debug|Any CPU.Build.0 = Debug|Any CPU
		{7355C749-30A4-4E8F-BB2C-05894449DCC7}.Release|Any CPU.ActiveCfg = Release|Any CPU
		{7355C749-30A4-4E8F-BB2C-05894449DCC7}.Release|Any CPU.Build.0 = Release|Any CPU
	EndGlobalSection
	GlobalSection(SolutionProperties) = preSolution
		HideSolutionNode = FALSE
	EndGlobalSection
	GlobalSection(ExtensibilityGlobals) = postSolution
		SolutionGuid = {DE40AAFC-A770-4780-BB0B-C1B70227DCB7}
	EndGlobalSection
EndGlobal
